// !$*UTF8*$!
{
	archiveVersion = 1;
	classes = {
	};
	objectVersion = 77;
	objects = {

/* Begin PBXBuildFile section */
		D8BEFE202F79B31500CDE7C3 /* MessagePack in Frameworks */ = {isa = PBXBuildFile; productRef = E1000002AAAAAA0000000001 /* MessagePack */; };
		D8BEFE212F79B31500CDE7C3 /* MessagePack in Frameworks */ = {isa = PBXBuildFile; productRef = E1000003AAAAAA0000000001 /* MessagePack */; };
/* End PBXBuildFile section */

/* Begin PBXContainerItemProxy section */
		D8BEFDFD2F7999AA00CDE7C3 /* PBXContainerItemProxy */ = {
			isa = PBXContainerItemProxy;
			containerPortal = D8BEFDE62F7999A900CDE7C3 /* Project object */;
			proxyType = 1;
			remoteGlobalIDString = D8BEFDED2F7999A900CDE7C3;
			remoteInfo = Veil;
		};
		D8BEFE072F7999AA00CDE7C3 /* PBXContainerItemProxy */ = {
			isa = PBXContainerItemProxy;
			containerPortal = D8BEFDE62F7999A900CDE7C3 /* Project object */;
			proxyType = 1;
			remoteGlobalIDString = D8BEFDED2F7999A900CDE7C3;
			remoteInfo = Veil;
		};
/* End PBXContainerItemProxy section */

/* Begin PBXFileReference section */
		D8BEFDEE2F7999A900CDE7C3 /* Veil.app */ = {isa = PBXFileReference; explicitFileType = wrapper.application; includeInIndex = 0; path = Veil.app; sourceTree = BUILT_PRODUCTS_DIR; };
		D8BEFDFC2F7999AA00CDE7C3 /* VeilTests.xctest */ = {isa = PBXFileReference; explicitFileType = wrapper.cfbundle; includeInIndex = 0; path = VeilTests.xctest; sourceTree = BUILT_PRODUCTS_DIR; };
		D8BEFE062F7999AA00CDE7C3 /* VeilUITests.xctest */ = {isa = PBXFileReference; explicitFileType = wrapper.cfbundle; includeInIndex = 0; path = VeilUITests.xctest; sourceTree = BUILT_PRODUCTS_DIR; };
/* End PBXFileReference section */

/* Begin PBXFileSystemSynchronizedRootGroup section */
		D8BEFDF02F7999A900CDE7C3 /* Veil */ = {
			isa = PBXFileSystemSynchronizedRootGroup;
			path = Veil;
			sourceTree = "<group>";
		};
		D8BEFDFF2F7999AA00CDE7C3 /* VeilTests */ = {
			isa = PBXFileSystemSynchronizedRootGroup;
			path = VeilTests;
			sourceTree = "<group>";
		};
		D8BEFE092F7999AA00CDE7C3 /* VeilUITests */ = {
			isa = PBXFileSystemSynchronizedRootGroup;
			path = VeilUITests;
			sourceTree = "<group>";
		};
/* End PBXFileSystemSynchronizedRootGroup section */

/* Begin PBXFrameworksBuildPhase section */
		D8BEFDEB2F7999A900CDE7C3 /* Frameworks */ = {
			isa = PBXFrameworksBuildPhase;
			buildActionMask = 2147483647;
			files = (
				D8BEFE202F79B31500CDE7C3 /* MessagePack in Frameworks */,
			);
			runOnlyForDeploymentPostprocessing = 0;
		};
		D8BEFDF92F7999AA00CDE7C3 /* Frameworks */ = {
			isa = PBXFrameworksBuildPhase;
			buildActionMask = 2147483647;
			files = (
				D8BEFE212F79B31500CDE7C3 /* MessagePack in Frameworks */,
			);
			runOnlyForDeploymentPostprocessing = 0;
		};
		D8BEFE032F7999AA00CDE7C3 /* Frameworks */ = {
			isa = PBXFrameworksBuildPhase;
			buildActionMask = 2147483647;
			files = (
			);
			runOnlyForDeploymentPostprocessing = 0;
		};
/* End PBXFrameworksBuildPhase section */

/* Begin PBXGroup section */
		D8BEFDE52F7999A900CDE7C3 = {
			isa = PBXGroup;
			children = (
				D8BEFDF02F7999A900CDE7C3 /* Veil */,
				D8BEFDFF2F7999AA00CDE7C3 /* VeilTests */,
				D8BEFE092F7999AA00CDE7C3 /* VeilUITests */,
				D8BEFDEF2F7999A900CDE7C3 /* Products */,
			);
			sourceTree = "<group>";
		};
		D8BEFDEF2F7999A900CDE7C3 /* Products */ = {
			isa = PBXGroup;
			children = (
				D8BEFDEE2F7999A900CDE7C3 /* Veil.app */,
				D8BEFDFC2F7999AA00CDE7C3 /* VeilTests.xctest */,
				D8BEFE062F7999AA00CDE7C3 /* VeilUITests.xctest */,
			);
			name = Products;
			sourceTree = "<group>";
		};
/* End PBXGroup section */

/* Begin PBXNativeTarget section */
		D8BEFDED2F7999A900CDE7C3 /* Veil */ = {
			isa = PBXNativeTarget;
			buildConfigurationList = D8BEFE102F7999AA00CDE7C3 /* Build configuration list for PBXNativeTarget "Veil" */;
			buildPhases = (
				D8BEFDEA2F7999A900CDE7C3 /* Sources */,
				D8BEFDEB2F7999A900CDE7C3 /* Frameworks */,
				D8BEFDEC2F7999A900CDE7C3 /* Resources */,
			);
			buildRules = (
			);
			dependencies = (
			);
			fileSystemSynchronizedGroups = (
				D8BEFDF02F7999A900CDE7C3 /* Veil */,
			);
			name = Veil;
			packageProductDependencies = (
				E1000002AAAAAA0000000001 /* MessagePack */,
			);
			productName = Veil;
			productReference = D8BEFDEE2F7999A900CDE7C3 /* Veil.app */;
			productType = "com.apple.product-type.application";
		};
		D8BEFDFB2F7999AA00CDE7C3 /* VeilTests */ = {
			isa = PBXNativeTarget;
			buildConfigurationList = D8BEFE132F7999AA00CDE7C3 /* Build configuration list for PBXNativeTarget "VeilTests" */;
			buildPhases = (
				D8BEFDF82F7999AA00CDE7C3 /* Sources */,
				D8BEFDF92F7999AA00CDE7C3 /* Frameworks */,
				D8BEFDFA2F7999AA00CDE7C3 /* Resources */,
			);
			buildRules = (
			);
			dependencies = (
				D8BEFDFE2F7999AA00CDE7C3 /* PBXTargetDependency */,
			);
			fileSystemSynchronizedGroups = (
				D8BEFDFF2F7999AA00CDE7C3 /* VeilTests */,
			);
			name = VeilTests;
			packageProductDependencies = (
				E1000003AAAAAA0000000001 /* MessagePack */,
			);
			productName = VeilTests;
			productReference = D8BEFDFC2F7999AA00CDE7C3 /* VeilTests.xctest */;
			productType = "com.apple.product-type.bundle.unit-test";
		};
		D8BEFE052F7999AA00CDE7C3 /* VeilUITests */ = {
			isa = PBXNativeTarget;
			buildConfigurationList = D8BEFE162F7999AA00CDE7C3 /* Build configuration list for PBXNativeTarget "VeilUITests" */;
			buildPhases = (
				D8BEFE022F7999AA00CDE7C3 /* Sources */,
				D8BEFE032F7999AA00CDE7C3 /* Frameworks */,
				D8BEFE042F7999AA00CDE7C3 /* Resources */,
			);
			buildRules = (
			);
			dependencies = (
				D8BEFE082F7999AA00CDE7C3 /* PBXTargetDependency */,
			);
			fileSystemSynchronizedGroups = (
				D8BEFE092F7999AA00CDE7C3 /* VeilUITests */,
			);
			name = VeilUITests;
			packageProductDependencies = (
			);
			productName = VeilUITests;
			productReference = D8BEFE062F7999AA00CDE7C3 /* VeilUITests.xctest */;
			productType = "com.apple.product-type.bundle.ui-testing";
		};
/* End PBXNativeTarget section */

/* Begin PBXProject section */
		D8BEFDE62F7999A900CDE7C3 /* Project object */ = {
			isa = PBXProject;
			attributes = {
				BuildIndependentTargetsInParallel = 1;
				LastSwiftUpdateCheck = 2630;
				LastUpgradeCheck = 2630;
				TargetAttributes = {
					D8BEFDED2F7999A900CDE7C3 = {
						CreatedOnToolsVersion = 26.3;
					};
					D8BEFDFB2F7999AA00CDE7C3 = {
						CreatedOnToolsVersion = 26.3;
						TestTargetID = D8BEFDED2F7999A900CDE7C3;
					};
					D8BEFE052F7999AA00CDE7C3 = {
						CreatedOnToolsVersion = 26.3;
						TestTargetID = D8BEFDED2F7999A900CDE7C3;
					};
				};
			};
			buildConfigurationList = D8BEFDE92F7999A900CDE7C3 /* Build configuration list for PBXProject "Veil" */;
			developmentRegion = en;
			hasScannedForEncodings = 0;
			knownRegions = (
				en,
				Base,
			);
			mainGroup = D8BEFDE52F7999A900CDE7C3;
			minimizedProjectReferenceProxies = 1;
			packageReferences = (
				E1000001AAAAAA0000000001 /* XCRemoteSwiftPackageReference "MessagePack" */,
			);
			preferredProjectObjectVersion = 77;
			productRefGroup = D8BEFDEF2F7999A900CDE7C3 /* Products */;
			projectDirPath = "";
			projectRoot = "";
			targets = (
				D8BEFDED2F7999A900CDE7C3 /* Veil */,
				D8BEFDFB2F7999AA00CDE7C3 /* VeilTests */,
				D8BEFE052F7999AA00CDE7C3 /* VeilUITests */,
			);
		};
/* End PBXProject section */

/* Begin PBXResourcesBuildPhase section */
		D8BEFDEC2F7999A900CDE7C3 /* Resources */ = {
			isa = PBXResourcesBuildPhase;
			buildActionMask = 2147483647;
			files = (
			);
			runOnlyForDeploymentPostprocessing = 0;
		};
		D8BEFDFA2F7999AA00CDE7C3 /* Resources */ = {
			isa = PBXResourcesBuildPhase;
			buildActionMask = 2147483647;
			files = (
			);
			runOnlyForDeploymentPostprocessing = 0;
		};
		D8BEFE042F7999AA00CDE7C3 /* Resources */ = {
			isa = PBXResourcesBuildPhase;
			buildActionMask = 2147483647;
			files = (
			);
			runOnlyForDeploymentPostprocessing = 0;
		};
/* End PBXResourcesBuildPhase section */

/* Begin PBXSourcesBuildPhase section */
		D8BEFDEA2F7999A900CDE7C3 /* Sources */ = {
			isa = PBXSourcesBuildPhase;
			buildActionMask = 2147483647;
			files = (
			);
			runOnlyForDeploymentPostprocessing = 0;
		};
		D8BEFDF82F7999AA00CDE7C3 /* Sources */ = {
			isa = PBXSourcesBuildPhase;
			buildActionMask = 2147483647;
			files = (
			);
			runOnlyForDeploymentPostprocessing = 0;
		};
		D8BEFE022F7999AA00CDE7C3 /* Sources */ = {
			isa = PBXSourcesBuildPhase;
			buildActionMask = 2147483647;
			files = (
			);
			runOnlyForDeploymentPostprocessing = 0;
		};
/* End PBXSourcesBuildPhase section */

/* Begin PBXTargetDependency section */
		D8BEFDFE2F7999AA00CDE7C3 /* PBXTargetDependency */ = {
			isa = PBXTargetDependency;
			target = D8BEFDED2F7999A900CDE7C3 /* Veil */;
			targetProxy = D8BEFDFD2F7999AA00CDE7C3 /* PBXContainerItemProxy */;
		};
		D8BEFE082F7999AA00CDE7C3 /* PBXTargetDependency */ = {
			isa = PBXTargetDependency;
			target = D8BEFDED2F7999A900CDE7C3 /* Veil */;
			targetProxy = D8BEFE072F7999AA00CDE7C3 /* PBXContainerItemProxy */;
		};
/* End PBXTargetDependency section */

/* Begin XCBuildConfiguration section */
		D8BEFE0E2F7999AA00CDE7C3 /* Debug */ = {
			isa = XCBuildConfiguration;
			buildSettings = {
				ALWAYS_SEARCH_USER_PATHS = NO;
				ASSETCATALOG_COMPILER_GENERATE_SWIFT_ASSET_SYMBOL_EXTENSIONS = YES;
				CLANG_ANALYZER_NONNULL = YES;
				CLANG_ANALYZER_NUMBER_OBJECT_CONVERSION = YES_AGGRESSIVE;
				CLANG_CXX_LANGUAGE_STANDARD = "gnu++20";
				CLANG_ENABLE_MODULES = YES;
				CLANG_ENABLE_OBJC_ARC = YES;
				CLANG_ENABLE_OBJC_WEAK = YES;
				CLANG_WARN_BLOCK_CAPTURE_AUTORELEASING = YES;
				CLANG_WARN_BOOL_CONVERSION = YES;
				CLANG_WARN_COMMA = YES;
				CLANG_WARN_CONSTANT_CONVERSION = YES;
				CLANG_WARN_DEPRECATED_OBJC_IMPLEMENTATIONS = YES;
				CLANG_WARN_DIRECT_OBJC_ISA_USAGE = YES_ERROR;
				CLANG_WARN_DOCUMENTATION_COMMENTS = YES;
				CLANG_WARN_EMPTY_BODY = YES;
				CLANG_WARN_ENUM_CONVERSION = YES;
				CLANG_WARN_INFINITE_RECURSION = YES;
				CLANG_WARN_INT_CONVERSION = YES;
				CLANG_WARN_NON_LITERAL_NULL_CONVERSION = YES;
				CLANG_WARN_OBJC_IMPLICIT_RETAIN_SELF = YES;
				CLANG_WARN_OBJC_LITERAL_CONVERSION = YES;
				CLANG_WARN_OBJC_ROOT_CLASS = YES_ERROR;
				CLANG_WARN_QUOTED_INCLUDE_IN_FRAMEWORK_HEADER = YES;
				CLANG_WARN_RANGE_LOOP_ANALYSIS = YES;
				CLANG_WARN_STRICT_PROTOTYPES = YES;
				CLANG_WARN_SUSPICIOUS_MOVE = YES;
				CLANG_WARN_UNGUARDED_AVAILABILITY = YES_AGGRESSIVE;
				CLANG_WARN_UNREACHABLE_CODE = YES;
				CLANG_WARN__DUPLICATE_METHOD_MATCH = YES;
				COPY_PHASE_STRIP = NO;
				DEBUG_INFORMATION_FORMAT = dwarf;
				DEVELOPMENT_TEAM = SAU5W824JN;
				ENABLE_STRICT_OBJC_MSGSEND = YES;
				ENABLE_TESTABILITY = YES;
				ENABLE_USER_SCRIPT_SANDBOXING = YES;
				GCC_C_LANGUAGE_STANDARD = gnu17;
				GCC_DYNAMIC_NO_PIC = NO;
				GCC_NO_COMMON_BLOCKS = YES;
				GCC_OPTIMIZATION_LEVEL = 0;
				GCC_PREPROCESSOR_DEFINITIONS = (
					"DEBUG=1",
					"$(inherited)",
				);
				GCC_WARN_64_TO_32_BIT_CONVERSION = YES;
				GCC_WARN_ABOUT_RETURN_TYPE = YES_ERROR;
				GCC_WARN_UNDECLARED_SELECTOR = YES;
				GCC_WARN_UNINITIALIZED_AUTOS = YES_AGGRESSIVE;
				GCC_WARN_UNUSED_FUNCTION = YES;
				GCC_WARN_UNUSED_VARIABLE = YES;
				LOCALIZATION_PREFERS_STRING_CATALOGS = YES;
				MACOSX_DEPLOYMENT_TARGET = 26.2;
				MTL_ENABLE_DEBUG_INFO = INCLUDE_SOURCE;
				MTL_FAST_MATH = YES;
				ONLY_ACTIVE_ARCH = YES;
				SDKROOT = macosx;
				SWIFT_ACTIVE_COMPILATION_CONDITIONS = "DEBUG $(inherited)";
				SWIFT_OPTIMIZATION_LEVEL = "-Onone";
			};
			name = Debug;
		};
		D8BEFE0F2F7999AA00CDE7C3 /* Release */ = {
			isa = XCBuildConfiguration;
			buildSettings = {
				ALWAYS_SEARCH_USER_PATHS = NO;
				ASSETCATALOG_COMPILER_GENERATE_SWIFT_ASSET_SYMBOL_EXTENSIONS = YES;
				CLANG_ANALYZER_NONNULL = YES;
				CLANG_ANALYZER_NUMBER_OBJECT_CONVERSION = YES_AGGRESSIVE;
				CLANG_CXX_LANGUAGE_STANDARD = "gnu++20";
				CLANG_ENABLE_MODULES = YES;
				CLANG_ENABLE_OBJC_ARC = YES;
				CLANG_ENABLE_OBJC_WEAK = YES;
				CLANG_WARN_BLOCK_CAPTURE_AUTORELEASING = YES;
				CLANG_WARN_BOOL_CONVERSION = YES;
				CLANG_WARN_COMMA = YES;
				CLANG_WARN_CONSTANT_CONVERSION = YES;
				CLANG_WARN_DEPRECATED_OBJC_IMPLEMENTATIONS = YES;
				CLANG_WARN_DIRECT_OBJC_ISA_USAGE = YES_ERROR;
				CLANG_WARN_DOCUMENTATION_COMMENTS = YES;
				CLANG_WARN_EMPTY_BODY = YES;
				CLANG_WARN_ENUM_CONVERSION = YES;
				CLANG_WARN_INFINITE_RECURSION = YES;
				CLANG_WARN_INT_CONVERSION = YES;
				CLANG_WARN_NON_LITERAL_NULL_CONVERSION = YES;
				CLANG_WARN_OBJC_IMPLICIT_RETAIN_SELF = YES;
				CLANG_WARN_OBJC_LITERAL_CONVERSION = YES;
				CLANG_WARN_OBJC_ROOT_CLASS = YES_ERROR;
				CLANG_WARN_QUOTED_INCLUDE_IN_FRAMEWORK_HEADER = YES;
				CLANG_WARN_RANGE_LOOP_ANALYSIS = YES;
				CLANG_WARN_STRICT_PROTOTYPES = YES;
				CLANG_WARN_SUSPICIOUS_MOVE = YES;
				CLANG_WARN_UNGUARDED_AVAILABILITY = YES_AGGRESSIVE;
				CLANG_WARN_UNREACHABLE_CODE = YES;
				CLANG_WARN__DUPLICATE_METHOD_MATCH = YES;
				COPY_PHASE_STRIP = NO;
				DEBUG_INFORMATION_FORMAT = "dwarf-with-dsym";
				DEVELOPMENT_TEAM = SAU5W824JN;
				ENABLE_NS_ASSERTIONS = NO;
				ENABLE_STRICT_OBJC_MSGSEND = YES;
				ENABLE_USER_SCRIPT_SANDBOXING = YES;
				GCC_C_LANGUAGE_STANDARD = gnu17;
				GCC_NO_COMMON_BLOCKS = YES;
				GCC_WARN_64_TO_32_BIT_CONVERSION = YES;
				GCC_WARN_ABOUT_RETURN_TYPE = YES_ERROR;
				GCC_WARN_UNDECLARED_SELECTOR = YES;
				GCC_WARN_UNINITIALIZED_AUTOS = YES_AGGRESSIVE;
				GCC_WARN_UNUSED_FUNCTION = YES;
				GCC_WARN_UNUSED_VARIABLE = YES;
				LOCALIZATION_PREFERS_STRING_CATALOGS = YES;
				MACOSX_DEPLOYMENT_TARGET = 26.2;
				MTL_ENABLE_DEBUG_INFO = NO;
				MTL_FAST_MATH = YES;
				SDKROOT = macosx;
				SWIFT_COMPILATION_MODE = wholemodule;
			};
			name = Release;
		};
		D8BEFE112F7999AA00CDE7C3 /* Debug */ = {
			isa = XCBuildConfiguration;
			buildSettings = {
				ASSETCATALOG_COMPILER_APPICON_NAME = AppIcon;
				ASSETCATALOG_COMPILER_GLOBAL_ACCENT_COLOR_NAME = AccentColor;
				CODE_SIGN_STYLE = Automatic;
				COMBINE_HIDPI_IMAGES = YES;
				CURRENT_PROJECT_VERSION = 1;
				DEVELOPMENT_TEAM = SAU5W824JN;
				ENABLE_APP_SANDBOX = NO;
				ENABLE_HARDENED_RUNTIME = YES;
				ENABLE_USER_SELECTED_FILES = readonly;
				GENERATE_INFOPLIST_FILE = YES;
				INFOPLIST_KEY_NSHumanReadableCopyright = "";
				INFOPLIST_KEY_NSMainNibFile = MainMenu;
				INFOPLIST_KEY_NSPrincipalClass = NSApplication;
				LD_RUNPATH_SEARCH_PATHS = (
					"$(inherited)",
					"@executable_path/../Frameworks",
				);
				MACOSX_DEPLOYMENT_TARGET = 14.6;
				MARKETING_VERSION = 1.0;
				PRODUCT_BUNDLE_IDENTIFIER = org.1b2c.Veil;
				PRODUCT_NAME = "$(TARGET_NAME)";
				REGISTER_APP_GROUPS = YES;
				STRING_CATALOG_GENERATE_SYMBOLS = YES;
				SWIFT_APPROACHABLE_CONCURRENCY = YES;
				SWIFT_DEFAULT_ACTOR_ISOLATION = MainActor;
				SWIFT_EMIT_LOC_STRINGS = YES;
				SWIFT_UPCOMING_FEATURE_MEMBER_IMPORT_VISIBILITY = YES;
				SWIFT_VERSION = 5.0;
			};
			name = Debug;
		};
		D8BEFE122F7999AA00CDE7C3 /* Release */ = {
			isa = XCBuildConfiguration;
			buildSettings = {
				ASSETCATALOG_COMPILER_APPICON_NAME = AppIcon;
				ASSETCATALOG_COMPILER_GLOBAL_ACCENT_COLOR_NAME = AccentColor;
				CODE_SIGN_STYLE = Automatic;
				COMBINE_HIDPI_IMAGES = YES;
				CURRENT_PROJECT_VERSION = 1;
				DEVELOPMENT_TEAM = SAU5W824JN;
				ENABLE_APP_SANDBOX = NO;
				ENABLE_HARDENED_RUNTIME = YES;
				ENABLE_USER_SELECTED_FILES = readonly;
				GENERATE_INFOPLIST_FILE = YES;
				INFOPLIST_KEY_NSHumanReadableCopyright = "";
				INFOPLIST_KEY_NSMainNibFile = MainMenu;
				INFOPLIST_KEY_NSPrincipalClass = NSApplication;
				LD_RUNPATH_SEARCH_PATHS = (
					"$(inherited)",
					"@executable_path/../Frameworks",
				);
				MACOSX_DEPLOYMENT_TARGET = 14.6;
				MARKETING_VERSION = 1.0;
				PRODUCT_BUNDLE_IDENTIFIER = org.1b2c.Veil;
				PRODUCT_NAME = "$(TARGET_NAME)";
				REGISTER_APP_GROUPS = YES;
				STRING_CATALOG_GENERATE_SYMBOLS = YES;
				SWIFT_APPROACHABLE_CONCURRENCY = YES;
				SWIFT_DEFAULT_ACTOR_ISOLATION = MainActor;
				SWIFT_EMIT_LOC_STRINGS = YES;
				SWIFT_UPCOMING_FEATURE_MEMBER_IMPORT_VISIBILITY = YES;
				SWIFT_VERSION = 5.0;
			};
			name = Release;
		};
		D8BEFE142F7999AA00CDE7C3 /* Debug */ = {
			isa = XCBuildConfiguration;
			buildSettings = {
				BUNDLE_LOADER = "$(TEST_HOST)";
				CODE_SIGN_STYLE = Automatic;
				CURRENT_PROJECT_VERSION = 1;
				DEVELOPMENT_TEAM = SAU5W824JN;
				GENERATE_INFOPLIST_FILE = YES;
				MACOSX_DEPLOYMENT_TARGET = 26.2;
				MARKETING_VERSION = 1.0;
				PRODUCT_BUNDLE_IDENTIFIER = org.1b2c.VeilTests;
				PRODUCT_NAME = "$(TARGET_NAME)";
				STRING_CATALOG_GENERATE_SYMBOLS = NO;
				SWIFT_APPROACHABLE_CONCURRENCY = YES;
				SWIFT_EMIT_LOC_STRINGS = NO;
				SWIFT_UPCOMING_FEATURE_MEMBER_IMPORT_VISIBILITY = YES;
				SWIFT_VERSION = 5.0;
				TEST_HOST = "$(BUILT_PRODUCTS_DIR)/Veil.app/$(BUNDLE_EXECUTABLE_FOLDER_PATH)/Veil";
			};
			name = Debug;
		};
		D8BEFE152F7999AA00CDE7C3 /* Release */ = {
			isa = XCBuildConfiguration;
			buildSettings = {
				BUNDLE_LOADER = "$(TEST_HOST)";
				CODE_SIGN_STYLE = Automatic;
				CURRENT_PROJECT_VERSION = 1;
				DEVELOPMENT_TEAM = SAU5W824JN;
				GENERATE_INFOPLIST_FILE = YES;
				MACOSX_DEPLOYMENT_TARGET = 26.2;
				MARKETING_VERSION = 1.0;
				PRODUCT_BUNDLE_IDENTIFIER = org.1b2c.VeilTests;
				PRODUCT_NAME = "$(TARGET_NAME)";
				STRING_CATALOG_GENERATE_SYMBOLS = NO;
				SWIFT_APPROACHABLE_CONCURRENCY = YES;
				SWIFT_EMIT_LOC_STRINGS = NO;
				SWIFT_UPCOMING_FEATURE_MEMBER_IMPORT_VISIBILITY = YES;
				SWIFT_VERSION = 5.0;
				TEST_HOST = "$(BUILT_PRODUCTS_DIR)/Veil.app/$(BUNDLE_EXECUTABLE_FOLDER_PATH)/Veil";
			};
			name = Release;
		};
		D8BEFE172F7999AA00CDE7C3 /* Debug */ = {
			isa = XCBuildConfiguration;
			buildSettings = {
				CODE_SIGN_STYLE = Automatic;
				CURRENT_PROJECT_VERSION = 1;
				DEVELOPMENT_TEAM = SAU5W824JN;
				GENERATE_INFOPLIST_FILE = YES;
				MARKETING_VERSION = 1.0;
				PRODUCT_BUNDLE_IDENTIFIER = org.1b2c.VeilUITests;
				PRODUCT_NAME = "$(TARGET_NAME)";
				STRING_CATALOG_GENERATE_SYMBOLS = NO;
				SWIFT_APPROACHABLE_CONCURRENCY = YES;
				SWIFT_EMIT_LOC_STRINGS = NO;
				SWIFT_UPCOMING_FEATURE_MEMBER_IMPORT_VISIBILITY = YES;
				SWIFT_VERSION = 5.0;
				TEST_TARGET_NAME = Veil;
			};
			name = Debug;
		};
		D8BEFE182F7999AA00CDE7C3 /* Release */ = {
			isa = XCBuildConfiguration;
			buildSettings = {
				CODE_SIGN_STYLE = Automatic;
				CURRENT_PROJECT_VERSION = 1;
				DEVELOPMENT_TEAM = SAU5W824JN;
				GENERATE_INFOPLIST_FILE = YES;
				MARKETING_VERSION = 1.0;
				PRODUCT_BUNDLE_IDENTIFIER = org.1b2c.VeilUITests;
				PRODUCT_NAME = "$(TARGET_NAME)";
				STRING_CATALOG_GENERATE_SYMBOLS = NO;
				SWIFT_APPROACHABLE_CONCURRENCY = YES;
				SWIFT_EMIT_LOC_STRINGS = NO;
				SWIFT_UPCOMING_FEATURE_MEMBER_IMPORT_VISIBILITY = YES;
				SWIFT_VERSION = 5.0;
				TEST_TARGET_NAME = Veil;
			};
			name = Release;
		};
/* End XCBuildConfiguration section */

/* Begin XCConfigurationList section */
		D8BEFDE92F7999A900CDE7C3 /* Build configuration list for PBXProject "Veil" */ = {
			isa = XCConfigurationList;
			buildConfigurations = (
				D8BEFE0E2F7999AA00CDE7C3 /* Debug */,
				D8BEFE0F2F7999AA00CDE7C3 /* Release */,
			);
			defaultConfigurationIsVisible = 0;
			defaultConfigurationName = Release;
		};
		D8BEFE102F7999AA00CDE7C3 /* Build configuration list for PBXNativeTarget "Veil" */ = {
			isa = XCConfigurationList;
			buildConfigurations = (
				D8BEFE112F7999AA00CDE7C3 /* Debug */,
				D8BEFE122F7999AA00CDE7C3 /* Release */,
			);
			defaultConfigurationIsVisible = 0;
			defaultConfigurationName = Release;
		};
		D8BEFE132F7999AA00CDE7C3 /* Build configuration list for PBXNativeTarget "VeilTests" */ = {
			isa = XCConfigurationList;
			buildConfigurations = (
				D8BEFE142F7999AA00CDE7C3 /* Debug */,
				D8BEFE152F7999AA00CDE7C3 /* Release */,
			);
			defaultConfigurationIsVisible = 0;
			defaultConfigurationName = Release;
		};
		D8BEFE162F7999AA00CDE7C3 /* Build configuration list for PBXNativeTarget "VeilUITests" */ = {
			isa = XCConfigurationList;
			buildConfigurations = (
				D8BEFE172F7999AA00CDE7C3 /* Debug */,
				D8BEFE182F7999AA00CDE7C3 /* Release */,
			);
			defaultConfigurationIsVisible = 0;
			defaultConfigurationName = Release;
		};
/* End XCConfigurationList section */

/* Begin XCRemoteSwiftPackageReference section */
		E1000001AAAAAA0000000001 /* XCRemoteSwiftPackageReference "MessagePack" */ = {
			isa = XCRemoteSwiftPackageReference;
			repositoryURL = "https://github.com/qvacua/MessagePack.swift";
			requirement = {
				kind = upToNextMajorVersion;
				minimumVersion = 4.1.0;
			};
		};
/* End XCRemoteSwiftPackageReference section */

/* Begin XCSwiftPackageProductDependency section */
		E1000002AAAAAA0000000001 /* MessagePack */ = {
			isa = XCSwiftPackageProductDependency;
			package = E1000001AAAAAA0000000001 /* XCRemoteSwiftPackageReference "MessagePack" */;
			productName = MessagePack;
		};
		E1000003AAAAAA0000000001 /* MessagePack */ = {
			isa = XCSwiftPackageProductDependency;
			package = E1000001AAAAAA0000000001 /* XCRemoteSwiftPackageReference "MessagePack" */;
			productName = MessagePack;
		};
/* End XCSwiftPackageProductDependency section */
	};
	rootObject = D8BEFDE62F7999A900CDE7C3 /* Project object */;
}
